
Microsoft Visual Studio Solution File, Format Version 12.00
# Visual Studio Version 16
VisualStudioVersion = 16.0.30611.23
MinimumVisualStudioVersion = 10.0.40219.1
Project("{FAE04EC0-301F-11D3-BF4B-00C04F79EFBC}") = "QuanLySinhVien", "QuanLySinhVien.csproj", "{084986FF-3C7A-4A66-AADB-4A0F20E9B861}"
EndProject
Global
	GlobalSection(SolutionConfigurationPlatforms) = preSolution
		Debug|Any CPU = Debug|Any CPU
		Release|Any CPU = Release|Any CPU
	EndGlobalSection
	GlobalSection(ProjectConfigurationPlatforms) = postSolution
		{084986FF-3C7A-4A66-AADB-4A0F20E9B861}.Debug|Any CPU.ActiveCfg = Debug|Any CPU
		{084986FF-3C7A-4A66-AADB-4A0F20E9B861}.Debug|Any CPU.Build.0 = Debug|Any CPU
		{084986FF-3C7A-4A66-AADB-4A0F20E9B861}.Release|Any CPU.ActiveCfg = Release|Any CPU
		{084986FF-3C7A-4A66-AADB-4A0F20E9B861}.Release|Any CPU.Build.0 = Release|Any CPU
	EndGlobalSection
	GlobalSection(SolutionProperties) = preSolution
		HideSolutionNode = FALSE
	EndGlobalSection
	GlobalSection(ExtensibilityGlobals) = postSolution
		SolutionGuid = {EA70D761-93E4-44F4-81F5-F76467858BE9}
	EndGlobalSection
EndGlobal
